// !$*UTF8*$!
{
	archiveVersion = 1;
	classes = {
	};
	objectVersion = 50;
	objects = {

/* Begin PBXBuildFile section */
		E911BB8A23608E40002B8F2D /* ViewController.swift in Sources */ = {isa = PBXBuildFile; fileRef = E911BB8923608E40002B8F2D /* ViewController.swift */; };
		E911BBA623608E8E002B8F2D /* Assets.xcassets in Resources */ = {isa = PBXBuildFile; fileRef = E911BB9A23608E8E002B8F2D /* Assets.xcassets */; };
		E911BBA723608E8E002B8F2D /* LaunchScreen.storyboard in Resources */ = {isa = PBXBuildFile; fileRef = E911BB9B23608E8E002B8F2D /* LaunchScreen.storyboard */; };
		E911BBA823608E8E002B8F2D /* Main.storyboard in Resources */ = {isa = PBXBuildFile; fileRef = E911BB9D23608E8E002B8F2D /* Main.storyboard */; };
		E911BBA923608E8E002B8F2D /* AppDelegate.swift in Sources */ = {isa = PBXBuildFile; fileRef = E911BBA423608E8E002B8F2D /* AppDelegate.swift */; };
		E911BBAA23608E8E002B8F2D /* SceneDelegate.swift in Sources */ = {isa = PBXBuildFile; fileRef = E911BBA523608E8E002B8F2D /* SceneDelegate.swift */; };
		E911BBAC23608EA5002B8F2D /* HomeViewController.swift in Sources */ = {isa = PBXBuildFile; fileRef = E911BBAB23608EA5002B8F2D /* HomeViewController.swift */; };
		E911BBB42360921D002B8F2D /* GojekContactsTests.swift in Sources */ = {isa = PBXBuildFile; fileRef = E911BBB32360921D002B8F2D /* GojekContactsTests.swift */; };
		E911BBBD23609465002B8F2D /* Endpoint.swift in Sources */ = {isa = PBXBuildFile; fileRef = E911BBBC23609465002B8F2D /* Endpoint.swift */; };
		E911BBBF236095B8002B8F2D /* WebService.swift in Sources */ = {isa = PBXBuildFile; fileRef = E911BBBE236095B8002B8F2D /* WebService.swift */; };
		E911BBC123609CFC002B8F2D /* Contact.swift in Sources */ = {isa = PBXBuildFile; fileRef = E911BBC023609CFC002B8F2D /* Contact.swift */; };
		E911BBC323609DB2002B8F2D /* NetworkManager.swift in Sources */ = {isa = PBXBuildFile; fileRef = E911BBC223609DB2002B8F2D /* NetworkManager.swift */; };
		E911BBC623657BF0002B8F2D /* HomeTableViewCell.swift in Sources */ = {isa = PBXBuildFile; fileRef = E911BBC523657BF0002B8F2D /* HomeTableViewCell.swift */; };
		E9D3D770237056E800F261BC /* ContactDetailViewController.swift in Sources */ = {isa = PBXBuildFile; fileRef = E9D3D76F237056E800F261BC /* ContactDetailViewController.swift */; };
		E9FBC2D223657F7500132AD4 /* UtilityAlert.swift in Sources */ = {isa = PBXBuildFile; fileRef = E9FBC2D123657F7500132AD4 /* UtilityAlert.swift */; };
		E9FBC2D423657F7F00132AD4 /* UtilityTopRootVc.swift in Sources */ = {isa = PBXBuildFile; fileRef = E9FBC2D323657F7E00132AD4 /* UtilityTopRootVc.swift */; };
/* End PBXBuildFile section */

/* Begin PBXContainerItemProxy section */
		E911BBB62360921D002B8F2D /* PBXContainerItemProxy */ = {
			isa = PBXContainerItemProxy;
			containerPortal = E911BB7A23608E40002B8F2D /* Project object */;
			proxyType = 1;
			remoteGlobalIDString = E911BB8123608E40002B8F2D;
			remoteInfo = GojekContacts;
		};
/* End PBXContainerItemProxy section */

/* Begin PBXFileReference section */
		E911BB8223608E40002B8F2D /* GojekContacts.app */ = {isa = PBXFileReference; explicitFileType = wrapper.application; includeInIndex = 0; path = GojekContacts.app; sourceTree = BUILT_PRODUCTS_DIR; };
		E911BB8923608E40002B8F2D /* ViewController.swift */ = {isa = PBXFileReference; lastKnownFileType = sourcecode.swift; path = ViewController.swift; sourceTree = "<group>"; };
		E911BB9323608E42002B8F2D /* Info.plist */ = {isa = PBXFileReference; lastKnownFileType = text.plist.xml; path = Info.plist; sourceTree = "<group>"; };
		E911BB9A23608E8E002B8F2D /* Assets.xcassets */ = {isa = PBXFileReference; lastKnownFileType = folder.assetcatalog; path = Assets.xcassets; sourceTree = "<group>"; };
		E911BB9C23608E8E002B8F2D /* Base */ = {isa = PBXFileReference; lastKnownFileType = file.storyboard; name = Base; path = Base.lproj/LaunchScreen.storyboard; sourceTree = "<group>"; };
		E911BB9E23608E8E002B8F2D /* Base */ = {isa = PBXFileReference; lastKnownFileType = file.storyboard; name = Base; path = Base.lproj/Main.storyboard; sourceTree = "<group>"; };
		E911BBA423608E8E002B8F2D /* AppDelegate.swift */ = {isa = PBXFileReference; fileEncoding = 4; lastKnownFileType = sourcecode.swift; path = AppDelegate.swift; sourceTree = "<group>"; };
		E911BBA523608E8E002B8F2D /* SceneDelegate.swift */ = {isa = PBXFileReference; fileEncoding = 4; lastKnownFileType = sourcecode.swift; path = SceneDelegate.swift; sourceTree = "<group>"; };
		E911BBAB23608EA5002B8F2D /* HomeViewController.swift */ = {isa = PBXFileReference; lastKnownFileType = sourcecode.swift; path = HomeViewController.swift; sourceTree = "<group>"; };
		E911BBB12360921D002B8F2D /* GojekContactsTests.xctest */ = {isa = PBXFileReference; explicitFileType = wrapper.cfbundle; includeInIndex = 0; path = GojekContactsTests.xctest; sourceTree = BUILT_PRODUCTS_DIR; };
		E911BBB32360921D002B8F2D /* GojekContactsTests.swift */ = {isa = PBXFileReference; lastKnownFileType = sourcecode.swift; path = GojekContactsTests.swift; sourceTree = "<group>"; };
		E911BBB52360921D002B8F2D /* Info.plist */ = {isa = PBXFileReference; lastKnownFileType = text.plist.xml; path = Info.plist; sourceTree = "<group>"; };
		E911BBBC23609465002B8F2D /* Endpoint.swift */ = {isa = PBXFileReference; lastKnownFileType = sourcecode.swift; path = Endpoint.swift; sourceTree = "<group>"; };
		E911BBBE236095B8002B8F2D /* WebService.swift */ = {isa = PBXFileReference; lastKnownFileType = sourcecode.swift; path = WebService.swift; sourceTree = "<group>"; };
		E911BBC023609CFC002B8F2D /* Contact.swift */ = {isa = PBXFileReference; lastKnownFileType = sourcecode.swift; path = Contact.swift; sourceTree = "<group>"; };
		E911BBC223609DB2002B8F2D /* NetworkManager.swift */ = {isa = PBXFileReference; lastKnownFileType = sourcecode.swift; path = NetworkManager.swift; sourceTree = "<group>"; };
		E911BBC523657BF0002B8F2D /* HomeTableViewCell.swift */ = {isa = PBXFileReference; lastKnownFileType = sourcecode.swift; path = HomeTableViewCell.swift; sourceTree = "<group>"; };
		E9D3D76F237056E800F261BC /* ContactDetailViewController.swift */ = {isa = PBXFileReference; lastKnownFileType = sourcecode.swift; path = ContactDetailViewController.swift; sourceTree = "<group>"; };
		E9FBC2D123657F7500132AD4 /* UtilityAlert.swift */ = {isa = PBXFileReference; fileEncoding = 4; lastKnownFileType = sourcecode.swift; path = UtilityAlert.swift; sourceTree = "<group>"; };
		E9FBC2D323657F7E00132AD4 /* UtilityTopRootVc.swift */ = {isa = PBXFileReference; fileEncoding = 4; lastKnownFileType = sourcecode.swift; path = UtilityTopRootVc.swift; sourceTree = "<group>"; };
/* End PBXFileReference section */

/* Begin PBXFrameworksBuildPhase section */
		E911BB7F23608E40002B8F2D /* Frameworks */ = {
			isa = PBXFrameworksBuildPhase;
			buildActionMask = 2147483647;
			files = (
			);
			runOnlyForDeploymentPostprocessing = 0;
		};
		E911BBAE2360921D002B8F2D /* Frameworks */ = {
			isa = PBXFrameworksBuildPhase;
			buildActionMask = 2147483647;
			files = (
			);
			runOnlyForDeploymentPostprocessing = 0;
		};
/* End PBXFrameworksBuildPhase section */

/* Begin PBXGroup section */
		E911BB7923608E40002B8F2D = {
			isa = PBXGroup;
			children = (
				E911BB8423608E40002B8F2D /* GojekContacts */,
				E911BBB22360921D002B8F2D /* GojekContactsTests */,
				E911BB8323608E40002B8F2D /* Products */,
			);
			sourceTree = "<group>";
		};
		E911BB8323608E40002B8F2D /* Products */ = {
			isa = PBXGroup;
			children = (
				E911BB8223608E40002B8F2D /* GojekContacts.app */,
				E911BBB12360921D002B8F2D /* GojekContactsTests.xctest */,
			);
			name = Products;
			sourceTree = "<group>";
		};
		E911BB8423608E40002B8F2D /* GojekContacts */ = {
			isa = PBXGroup;
			children = (
				E911BB9F23608E8E002B8F2D /* Classes */,
				E911BB9923608E8E002B8F2D /* Resources */,
				E911BB8923608E40002B8F2D /* ViewController.swift */,
				E911BB9323608E42002B8F2D /* Info.plist */,
			);
			path = GojekContacts;
			sourceTree = "<group>";
		};
		E911BB9923608E8E002B8F2D /* Resources */ = {
			isa = PBXGroup;
			children = (
				E911BB9A23608E8E002B8F2D /* Assets.xcassets */,
				E911BB9B23608E8E002B8F2D /* LaunchScreen.storyboard */,
				E911BB9D23608E8E002B8F2D /* Main.storyboard */,
			);
			path = Resources;
			sourceTree = "<group>";
		};
		E911BB9F23608E8E002B8F2D /* Classes */ = {
			isa = PBXGroup;
			children = (
				E911BBA023608E8E002B8F2D /* Managers */,
				E911BBA123608E8E002B8F2D /* Features */,
				E911BBA223608E8E002B8F2D /* Models */,
				E911BBA323608E8E002B8F2D /* Utilities */,
				E911BBA423608E8E002B8F2D /* AppDelegate.swift */,
				E911BBA523608E8E002B8F2D /* SceneDelegate.swift */,
			);
			path = Classes;
			sourceTree = "<group>";
		};
		E911BBA023608E8E002B8F2D /* Managers */ = {
			isa = PBXGroup;
			children = (
				E911BBC223609DB2002B8F2D /* NetworkManager.swift */,
			);
			path = Managers;
			sourceTree = "<group>";
		};
		E911BBA123608E8E002B8F2D /* Features */ = {
			isa = PBXGroup;
			children = (
				E911BBC423657BD8002B8F2D /* Home */,
				E9D3D76E237056CD00F261BC /* ContactDetail */,
			);
			path = Features;
			sourceTree = "<group>";
		};
		E911BBA223608E8E002B8F2D /* Models */ = {
			isa = PBXGroup;
			children = (
				E911BBC023609CFC002B8F2D /* Contact.swift */,
			);
			path = Models;
			sourceTree = "<group>";
		};
		E911BBA323608E8E002B8F2D /* Utilities */ = {
			isa = PBXGroup;
			children = (
				E9FBC2D323657F7E00132AD4 /* UtilityTopRootVc.swift */,
				E9FBC2D123657F7500132AD4 /* UtilityAlert.swift */,
				E911BBBB23609450002B8F2D /* NetworkLayer */,
			);
			path = Utilities;
			sourceTree = "<group>";
		};
		E911BBB22360921D002B8F2D /* GojekContactsTests */ = {
			isa = PBXGroup;
			children = (
				E911BBB32360921D002B8F2D /* GojekContactsTests.swift */,
				E911BBB52360921D002B8F2D /* Info.plist */,
			);
			path = GojekContactsTests;
			sourceTree = "<group>";
		};
		E911BBBB23609450002B8F2D /* NetworkLayer */ = {
			isa = PBXGroup;
			children = (
				E911BBBC23609465002B8F2D /* Endpoint.swift */,
				E911BBBE236095B8002B8F2D /* WebService.swift */,
			);
			path = NetworkLayer;
			sourceTree = "<group>";
		};
		E911BBC423657BD8002B8F2D /* Home */ = {
			isa = PBXGroup;
			children = (
				E911BBAB23608EA5002B8F2D /* HomeViewController.swift */,
				E911BBC523657BF0002B8F2D /* HomeTableViewCell.swift */,
			);
			path = Home;
			sourceTree = "<group>";
		};
		E9D3D76E237056CD00F261BC /* ContactDetail */ = {
			isa = PBXGroup;
			children = (
				E9D3D76F237056E800F261BC /* ContactDetailViewController.swift */,
			);
			path = ContactDetail;
			sourceTree = "<group>";
		};
/* End PBXGroup section */

/* Begin PBXNativeTarget section */
		E911BB8123608E40002B8F2D /* GojekContacts */ = {
			isa = PBXNativeTarget;
			buildConfigurationList = E911BB9623608E42002B8F2D /* Build configuration list for PBXNativeTarget "GojekContacts" */;
			buildPhases = (
				E911BB7E23608E40002B8F2D /* Sources */,
				E911BB7F23608E40002B8F2D /* Frameworks */,
				E911BB8023608E40002B8F2D /* Resources */,
			);
			buildRules = (
			);
			dependencies = (
			);
			name = GojekContacts;
			productName = GojekContacts;
			productReference = E911BB8223608E40002B8F2D /* GojekContacts.app */;
			productType = "com.apple.product-type.application";
		};
		E911BBB02360921D002B8F2D /* GojekContactsTests */ = {
			isa = PBXNativeTarget;
			buildConfigurationList = E911BBBA2360921D002B8F2D /* Build configuration list for PBXNativeTarget "GojekContactsTests" */;
			buildPhases = (
				E911BBAD2360921D002B8F2D /* Sources */,
				E911BBAE2360921D002B8F2D /* Frameworks */,
				E911BBAF2360921D002B8F2D /* Resources */,
			);
			buildRules = (
			);
			dependencies = (
				E911BBB72360921D002B8F2D /* PBXTargetDependency */,
			);
			name = GojekContactsTests;
			productName = GojekContactsTests;
			productReference = E911BBB12360921D002B8F2D /* GojekContactsTests.xctest */;
			productType = "com.apple.product-type.bundle.unit-test";
		};
/* End PBXNativeTarget section */

/* Begin PBXProject section */
		E911BB7A23608E40002B8F2D /* Project object */ = {
			isa = PBXProject;
			attributes = {
				LastSwiftUpdateCheck = 1110;
				LastUpgradeCheck = 1110;
				ORGANIZATIONNAME = Gojek;
				TargetAttributes = {
					E911BB8123608E40002B8F2D = {
						CreatedOnToolsVersion = 11.1;
					};
					E911BBB02360921D002B8F2D = {
						CreatedOnToolsVersion = 11.1;
						TestTargetID = E911BB8123608E40002B8F2D;
					};
				};
			};
			buildConfigurationList = E911BB7D23608E40002B8F2D /* Build configuration list for PBXProject "GojekContacts" */;
			compatibilityVersion = "Xcode 9.3";
			developmentRegion = en;
			hasScannedForEncodings = 0;
			knownRegions = (
				en,
				Base,
			);
			mainGroup = E911BB7923608E40002B8F2D;
			productRefGroup = E911BB8323608E40002B8F2D /* Products */;
			projectDirPath = "";
			projectRoot = "";
			targets = (
				E911BB8123608E40002B8F2D /* GojekContacts */,
				E911BBB02360921D002B8F2D /* GojekContactsTests */,
			);
		};
/* End PBXProject section */

/* Begin PBXResourcesBuildPhase section */
		E911BB8023608E40002B8F2D /* Resources */ = {
			isa = PBXResourcesBuildPhase;
			buildActionMask = 2147483647;
			files = (
				E911BBA823608E8E002B8F2D /* Main.storyboard in Resources */,
				E911BBA623608E8E002B8F2D /* Assets.xcassets in Resources */,
				E911BBA723608E8E002B8F2D /* LaunchScreen.storyboard in Resources */,
			);
			runOnlyForDeploymentPostprocessing = 0;
		};
		E911BBAF2360921D002B8F2D /* Resources */ = {
			isa = PBXResourcesBuildPhase;
			buildActionMask = 2147483647;
			files = (
			);
			runOnlyForDeploymentPostprocessing = 0;
		};
/* End PBXResourcesBuildPhase section */

/* Begin PBXSourcesBuildPhase section */
		E911BB7E23608E40002B8F2D /* Sources */ = {
			isa = PBXSourcesBuildPhase;
			buildActionMask = 2147483647;
			files = (
				E9FBC2D423657F7F00132AD4 /* UtilityTopRootVc.swift in Sources */,
				E911BBBF236095B8002B8F2D /* WebService.swift in Sources */,
				E911BBA923608E8E002B8F2D /* AppDelegate.swift in Sources */,
				E911BB8A23608E40002B8F2D /* ViewController.swift in Sources */,
				E9FBC2D223657F7500132AD4 /* UtilityAlert.swift in Sources */,
				E911BBAA23608E8E002B8F2D /* SceneDelegate.swift in Sources */,
				E911BBC323609DB2002B8F2D /* NetworkManager.swift in Sources */,
				E911BBAC23608EA5002B8F2D /* HomeViewController.swift in Sources */,
				E911BBC623657BF0002B8F2D /* HomeTableViewCell.swift in Sources */,
				E911BBBD23609465002B8F2D /* Endpoint.swift in Sources */,
				E9D3D770237056E800F261BC /* ContactDetailViewController.swift in Sources */,
				E911BBC123609CFC002B8F2D /* Contact.swift in Sources */,
			);
			runOnlyForDeploymentPostprocessing = 0;
		};
		E911BBAD2360921D002B8F2D /* Sources */ = {
			isa = PBXSourcesBuildPhase;
			buildActionMask = 2147483647;
			files = (
				E911BBB42360921D002B8F2D /* GojekContactsTests.swift in Sources */,
			);
			runOnlyForDeploymentPostprocessing = 0;
		};
/* End PBXSourcesBuildPhase section */

/* Begin PBXTargetDependency section */
		E911BBB72360921D002B8F2D /* PBXTargetDependency */ = {
			isa = PBXTargetDependency;
			target = E911BB8123608E40002B8F2D /* GojekContacts */;
			targetProxy = E911BBB62360921D002B8F2D /* PBXContainerItemProxy */;
		};
/* End PBXTargetDependency section */

/* Begin PBXVariantGroup section */
		E911BB9B23608E8E002B8F2D /* LaunchScreen.storyboard */ = {
			isa = PBXVariantGroup;
			children = (
				E911BB9C23608E8E002B8F2D /* Base */,
			);
			name = LaunchScreen.storyboard;
			sourceTree = "<group>";
		};
		E911BB9D23608E8E002B8F2D /* Main.storyboard */ = {
			isa = PBXVariantGroup;
			children = (
				E911BB9E23608E8E002B8F2D /* Base */,
			);
			name = Main.storyboard;
			sourceTree = "<group>";
		};
/* End PBXVariantGroup section */

/* Begin XCBuildConfiguration section */
		E911BB9423608E42002B8F2D /* Debug */ = {
			isa = XCBuildConfiguration;
			buildSettings = {
				ALWAYS_SEARCH_USER_PATHS = NO;
				CLANG_ANALYZER_NONNULL = YES;
				CLANG_ANALYZER_NUMBER_OBJECT_CONVERSION = YES_AGGRESSIVE;
				CLANG_CXX_LANGUAGE_STANDARD = "gnu++14";
				CLANG_CXX_LIBRARY = "libc++";
				CLANG_ENABLE_MODULES = YES;
				CLANG_ENABLE_OBJC_ARC = YES;
				CLANG_ENABLE_OBJC_WEAK = YES;
				CLANG_WARN_BLOCK_CAPTURE_AUTORELEASING = YES;
				CLANG_WARN_BOOL_CONVERSION = YES;
				CLANG_WARN_COMMA = YES;
				CLANG_WARN_CONSTANT_CONVERSION = YES;
				CLANG_WARN_DEPRECATED_OBJC_IMPLEMENTATIONS = YES;
				CLANG_WARN_DIRECT_OBJC_ISA_USAGE = YES_ERROR;
				CLANG_WARN_DOCUMENTATION_COMMENTS = YES;
				CLANG_WARN_EMPTY_BODY = YES;
				CLANG_WARN_ENUM_CONVERSION = YES;
				CLANG_WARN_INFINITE_RECURSION = YES;
				CLANG_WARN_INT_CONVERSION = YES;
				CLANG_WARN_NON_LITERAL_NULL_CONVERSION = YES;
				CLANG_WARN_OBJC_IMPLICIT_RETAIN_SELF = YES;
				CLANG_WARN_OBJC_LITERAL_CONVERSION = YES;
				CLANG_WARN_OBJC_ROOT_CLASS = YES_ERROR;
				CLANG_WARN_RANGE_LOOP_ANALYSIS = YES;
				CLANG_WARN_STRICT_PROTOTYPES = YES;
				CLANG_WARN_SUSPICIOUS_MOVE = YES;
				CLANG_WARN_UNGUARDED_AVAILABILITY = YES_AGGRESSIVE;
				CLANG_WARN_UNREACHABLE_CODE = YES;
				CLANG_WARN__DUPLICATE_METHOD_MATCH = YES;
				COPY_PHASE_STRIP = NO;
				DEBUG_INFORMATION_FORMAT = dwarf;
				ENABLE_STRICT_OBJC_MSGSEND = YES;
				ENABLE_TESTABILITY = YES;
				GCC_C_LANGUAGE_STANDARD = gnu11;
				GCC_DYNAMIC_NO_PIC = NO;
				GCC_NO_COMMON_BLOCKS = YES;
				GCC_OPTIMIZATION_LEVEL = 0;
				GCC_PREPROCESSOR_DEFINITIONS = (
					"DEBUG=1",
					"$(inherited)",
				);
				GCC_WARN_64_TO_32_BIT_CONVERSION = YES;
				GCC_WARN_ABOUT_RETURN_TYPE = YES_ERROR;
				GCC_WARN_UNDECLARED_SELECTOR = YES;
				GCC_WARN_UNINITIALIZED_AUTOS = YES_AGGRESSIVE;
				GCC_WARN_UNUSED_FUNCTION = YES;
				GCC_WARN_UNUSED_VARIABLE = YES;
				IPHONEOS_DEPLOYMENT_TARGET = 13.1;
				MTL_ENABLE_DEBUG_INFO = INCLUDE_SOURCE;
				MTL_FAST_MATH = YES;
				ONLY_ACTIVE_ARCH = YES;
				SDKROOT = iphoneos;
				SWIFT_ACTIVE_COMPILATION_CONDITIONS = DEBUG;
				SWIFT_OPTIMIZATION_LEVEL = "-Onone";
			};
			name = Debug;
		};
		E911BB9523608E42002B8F2D /* Release */ = {
			isa = XCBuildConfiguration;
			buildSettings = {
				ALWAYS_SEARCH_USER_PATHS = NO;
				CLANG_ANALYZER_NONNULL = YES;
				CLANG_ANALYZER_NUMBER_OBJECT_CONVERSION = YES_AGGRESSIVE;
				CLANG_CXX_LANGUAGE_STANDARD = "gnu++14";
				CLANG_CXX_LIBRARY = "libc++";
				CLANG_ENABLE_MODULES = YES;
				CLANG_ENABLE_OBJC_ARC = YES;
				CLANG_ENABLE_OBJC_WEAK = YES;
				CLANG_WARN_BLOCK_CAPTURE_AUTORELEASING = YES;
				CLANG_WARN_BOOL_CONVERSION = YES;
				CLANG_WARN_COMMA = YES;
				CLANG_WARN_CONSTANT_CONVERSION = YES;
				CLANG_WARN_DEPRECATED_OBJC_IMPLEMENTATIONS = YES;
				CLANG_WARN_DIRECT_OBJC_ISA_USAGE = YES_ERROR;
				CLANG_WARN_DOCUMENTATION_COMMENTS = YES;
				CLANG_WARN_EMPTY_BODY = YES;
				CLANG_WARN_ENUM_CONVERSION = YES;
				CLANG_WARN_INFINITE_RECURSION = YES;
				CLANG_WARN_INT_CONVERSION = YES;
				CLANG_WARN_NON_LITERAL_NULL_CONVERSION = YES;
				CLANG_WARN_OBJC_IMPLICIT_RETAIN_SELF = YES;
				CLANG_WARN_OBJC_LITERAL_CONVERSION = YES;
				CLANG_WARN_OBJC_ROOT_CLASS = YES_ERROR;
				CLANG_WARN_RANGE_LOOP_ANALYSIS = YES;
				CLANG_WARN_STRICT_PROTOTYPES = YES;
				CLANG_WARN_SUSPICIOUS_MOVE = YES;
				CLANG_WARN_UNGUARDED_AVAILABILITY = YES_AGGRESSIVE;
				CLANG_WARN_UNREACHABLE_CODE = YES;
				CLANG_WARN__DUPLICATE_METHOD_MATCH = YES;
				COPY_PHASE_STRIP = NO;
				DEBUG_INFORMATION_FORMAT = "dwarf-with-dsym";
				ENABLE_NS_ASSERTIONS = NO;
				ENABLE_STRICT_OBJC_MSGSEND = YES;
				GCC_C_LANGUAGE_STANDARD = gnu11;
				GCC_NO_COMMON_BLOCKS = YES;
				GCC_WARN_64_TO_32_BIT_CONVERSION = YES;
				GCC_WARN_ABOUT_RETURN_TYPE = YES_ERROR;
				GCC_WARN_UNDECLARED_SELECTOR = YES;
				GCC_WARN_UNINITIALIZED_AUTOS = YES_AGGRESSIVE;
				GCC_WARN_UNUSED_FUNCTION = YES;
				GCC_WARN_UNUSED_VARIABLE = YES;
				IPHONEOS_DEPLOYMENT_TARGET = 13.1;
				MTL_ENABLE_DEBUG_INFO = NO;
				MTL_FAST_MATH = YES;
				SDKROOT = iphoneos;
				SWIFT_COMPILATION_MODE = wholemodule;
				SWIFT_OPTIMIZATION_LEVEL = "-O";
				VALIDATE_PRODUCT = YES;
			};
			name = Release;
		};
		E911BB9723608E42002B8F2D /* Debug */ = {
			isa = XCBuildConfiguration;
			buildSettings = {
				ASSETCATALOG_COMPILER_APPICON_NAME = AppIcon;
				CODE_SIGN_STYLE = Automatic;
				DEVELOPMENT_TEAM = 9KX5HL49NQ;
				INFOPLIST_FILE = GojekContacts/Info.plist;
				LD_RUNPATH_SEARCH_PATHS = (
					"$(inherited)",
					"@executable_path/Frameworks",
				);
				PRODUCT_BUNDLE_IDENTIFIER = com.gojek.GojekContacts;
				PRODUCT_NAME = "$(TARGET_NAME)";
				SWIFT_VERSION = 5.0;
				TARGETED_DEVICE_FAMILY = "1,2";
			};
			name = Debug;
		};
		E911BB9823608E42002B8F2D /* Release */ = {
			isa = XCBuildConfiguration;
			buildSettings = {
				ASSETCATALOG_COMPILER_APPICON_NAME = AppIcon;
				CODE_SIGN_STYLE = Automatic;
				DEVELOPMENT_TEAM = 9KX5HL49NQ;
				INFOPLIST_FILE = GojekContacts/Info.plist;
				LD_RUNPATH_SEARCH_PATHS = (
					"$(inherited)",
					"@executable_path/Frameworks",
				);
				PRODUCT_BUNDLE_IDENTIFIER = com.gojek.GojekContacts;
				PRODUCT_NAME = "$(TARGET_NAME)";
				SWIFT_VERSION = 5.0;
				TARGETED_DEVICE_FAMILY = "1,2";
			};
			name = Release;
		};
		E911BBB82360921D002B8F2D /* Debug */ = {
			isa = XCBuildConfiguration;
			buildSettings = {
				BUNDLE_LOADER = "$(TEST_HOST)";
				CODE_SIGN_STYLE = Automatic;
				INFOPLIST_FILE = GojekContactsTests/Info.plist;
				LD_RUNPATH_SEARCH_PATHS = (
					"$(inherited)",
					"@executable_path/Frameworks",
					"@loader_path/Frameworks",
				);
				PRODUCT_BUNDLE_IDENTIFIER = com.gojek.GojekContactsTests;
				PRODUCT_NAME = "$(TARGET_NAME)";
				SWIFT_VERSION = 5.0;
				TARGETED_DEVICE_FAMILY = "1,2";
				TEST_HOST = "$(BUILT_PRODUCTS_DIR)/GojekContacts.app/GojekContacts";
			};
			name = Debug;
		};
		E911BBB92360921D002B8F2D /* Release */ = {
			isa = XCBuildConfiguration;
			buildSettings = {
				BUNDLE_LOADER = "$(TEST_HOST)";
				CODE_SIGN_STYLE = Automatic;
				INFOPLIST_FILE = GojekContactsTests/Info.plist;
				LD_RUNPATH_SEARCH_PATHS = (
					"$(inherited)",
					"@executable_path/Frameworks",
					"@loader_path/Frameworks",
				);
				PRODUCT_BUNDLE_IDENTIFIER = com.gojek.GojekContactsTests;
				PRODUCT_NAME = "$(TARGET_NAME)";
				SWIFT_VERSION = 5.0;
				TARGETED_DEVICE_FAMILY = "1,2";
				TEST_HOST = "$(BUILT_PRODUCTS_DIR)/GojekContacts.app/GojekContacts";
			};
			name = Release;
		};
/* End XCBuildConfiguration section */

/* Begin XCConfigurationList section */
		E911BB7D23608E40002B8F2D /* Build configuration list for PBXProject "GojekContacts" */ = {
			isa = XCConfigurationList;
			buildConfigurations = (
				E911BB9423608E42002B8F2D /* Debug */,
				E911BB9523608E42002B8F2D /* Release */,
			);
			defaultConfigurationIsVisible = 0;
			defaultConfigurationName = Release;
		};
		E911BB9623608E42002B8F2D /* Build configuration list for PBXNativeTarget "GojekContacts" */ = {
			isa = XCConfigurationList;
			buildConfigurations = (
				E911BB9723608E42002B8F2D /* Debug */,
				E911BB9823608E42002B8F2D /* Release */,
			);
			defaultConfigurationIsVisible = 0;
			defaultConfigurationName = Release;
		};
		E911BBBA2360921D002B8F2D /* Build configuration list for PBXNativeTarget "GojekContactsTests" */ = {
			isa = XCConfigurationList;
			buildConfigurations = (
				E911BBB82360921D002B8F2D /* Debug */,
				E911BBB92360921D002B8F2D /* Release */,
			);
			defaultConfigurationIsVisible = 0;
			defaultConfigurationName = Release;
		};
/* End XCConfigurationList section */
	};
	rootObject = E911BB7A23608E40002B8F2D /* Project object */;
}
